
Microsoft Visual Studio Solution File, Format Version 12.00
# Visual Studio 14
VisualStudioVersion = 14.0.25420.1
MinimumVisualStudioVersion = 10.0.40219.1
Project("{FAE04EC0-301F-11D3-BF4B-00C04F79EFBC}") = "Battlefield", "ConsoleApplication1\Battlefield.csproj", "{BF20385F-E107-4676-937D-38CF3DAAECEC}"
EndProject
Project("{2150E333-8FDC-42A3-9474-1A3956D46DE8}") = "Creatures", "Creatures", "{9F80C56A-4C81-4897-AA09-44D893E704E3}"
EndProject
Global
	GlobalSection(SolutionConfigurationPlatforms) = preSolution
		Debug|Any CPU = Debug|Any CPU
		Release|Any CPU = Release|Any CPU
	EndGlobalSection
	GlobalSection(ProjectConfigurationPlatforms) = postSolution
		{BF20385F-E107-4676-937D-38CF3DAAECEC}.Debug|Any CPU.ActiveCfg = Debug|Any CPU
		{BF20385F-E107-4676-937D-38CF3DAAECEC}.Debug|Any CPU.Build.0 = Debug|Any CPU
		{BF20385F-E107-4676-937D-38CF3DAAECEC}.Release|Any CPU.ActiveCfg = Release|Any CPU
		{BF20385F-E107-4676-937D-38CF3DAAECEC}.Release|Any CPU.Build.0 = Release|Any CPU
	EndGlobalSection
	GlobalSection(SolutionProperties) = preSolution
		HideSolutionNode = FALSE
	EndGlobalSection
EndGlobal
